
Microsoft Visual Studio Solution File, Format Version 10.00
# Visual C# Express 2008
Project("{FAE04EC0-301F-11D3-BF4B-00C04F79EFBC}") = "Wavellet Edge Detector", "Wavellet Edge Detector\Wavellet Edge Detector.csproj", "{9D7606BE-A0CB-43C2-B1E2-058BC73EC360}"
EndProject
Global
	GlobalSection(SolutionConfigurationPlatforms) = preSolution
		Debug|Any CPU = Debug|Any CPU
		Release|Any CPU = Release|Any CPU
	EndGlobalSection
	GlobalSection(ProjectConfigurationPlatforms) = postSolution
		{9D7606BE-A0CB-43C2-B1E2-058BC73EC360}.Debug|Any CPU.ActiveCfg = Debug|Any CPU
		{9D7606BE-A0CB-43C2-B1E2-058BC73EC360}.Debug|Any CPU.Build.0 = Debug|Any CPU
		{9D7606BE-A0CB-43C2-B1E2-058BC73EC360}.Release|Any CPU.ActiveCfg = Release|Any CPU
		{9D7606BE-A0CB-43C2-B1E2-058BC73EC360}.Release|Any CPU.Build.0 = Release|Any CPU
	EndGlobalSection
	GlobalSection(SolutionProperties) = preSolution
		HideSolutionNode = FALSE
	EndGlobalSection
EndGlobal
